<Solution>
  <Folder Name="/src/">
    <Project Path="src/GeradorExcel.Api/GeradorExcel.Api.csproj" />
    <Project Path="src/GeradorExcel.Core/GeradorExcel.Core.csproj" />
    <Project Path="src/GeradorExcel.Portal/GeradorExcel.Portal.csproj" />
    <Project Path="src/GeradorExcel.Worker/GeradorExcel.Worker.csproj" />
  </Folder>
  <Folder Name="/tests/">
    <Project Path="tests/GeradorExcel.Tests/GeradorExcel.Tests.csproj" />
  </Folder>
</Solution>
